{
  "nodes": {
    "flake-compat": {
      "flake": false,
      "locked": {
        "lastModified": 1733328505,
        "narHash": "sha256-NeCCThCEP3eCl2l/+27kNNK7QrwZB1IJCrXfrbv5oqU=",
        "owner": "edolstra",
        "repo": "flake-compat",
        "rev": "ff81ac966bb2cae68946d5ed5fc4994f96d0ffec",
        "type": "github"
      },
      "original": {
        "owner": "edolstra",
        "repo": "flake-compat",
        "type": "github"
      }
    },
    "home-manager": {
      "inputs": {
        "nixpkgs": [
          "nixpkgs"
        ]
      },
      "locked": {
        "lastModified": 1739992710,
        "narHash": "sha256-9kEscmGnXHjSgcqyJR4TzzHhska4yz1inSQs6HuO9qU=",
        "owner": "nix-community",
        "repo": "home-manager",
        "rev": "1c189f011447810af939a886ba7bee33532bb1f9",
        "type": "github"
      },
      "original": {
        "owner": "nix-community",
        "repo": "home-manager",
        "type": "github"
      }
    },
    "nixos-hardware": {
      "locked": {
        "lastModified": 1739798439,
        "narHash": "sha256-GyipmjbbQEaosel/+wq1xihCKbv0/e1LU00x/8b/fP4=",
        "owner": "NixOS",
        "repo": "nixos-hardware",
        "rev": "3e2ea8a49d4d76276b0f4e2041df8ca5c0771371",
        "type": "github"
      },
      "original": {
        "owner": "NixOS",
        "ref": "master",
        "repo": "nixos-hardware",
        "type": "github"
      }
    },
    "nixos-wsl": {
      "inputs": {
        "flake-compat": "flake-compat",
        "nixpkgs": "nixpkgs"
      },
      "locked": {
        "lastModified": 1739782332,
        "narHash": "sha256-bPZKuual2WKfyHv7Wq+Owcj9R+i/qFzOWByqSS9rlxI=",
        "owner": "nix-community",
        "repo": "nixos-wsl",
        "rev": "59bdbb1e75232bf1dd6d2a9313b9b6ddc5049ba2",
        "type": "github"
      },
      "original": {
        "owner": "nix-community",
        "repo": "nixos-wsl",
        "type": "github"
      }
    },
    "nixpkgs": {
      "locked": {
        "lastModified": 1739624908,
        "narHash": "sha256-f84lBmLl4tkDp1ZU5LBTSFzlxXP4926DVW3KnXrke10=",
        "owner": "NixOS",
        "repo": "nixpkgs",
        "rev": "a60651b217d2e529729cbc7d989c19f3941b9250",
        "type": "github"
      },
      "original": {
        "owner": "NixOS",
        "ref": "nixos-24.11",
        "repo": "nixpkgs",
        "type": "github"
      }
    },
    "nixpkgs_2": {
      "locked": {
        "lastModified": 1739866667,
        "narHash": "sha256-EO1ygNKZlsAC9avfcwHkKGMsmipUk1Uc0TbrEZpkn64=",
        "owner": "nixos",
        "repo": "nixpkgs",
        "rev": "73cf49b8ad837ade2de76f87eb53fc85ed5d4680",
        "type": "github"
      },
      "original": {
        "owner": "nixos",
        "ref": "nixos-unstable",
        "repo": "nixpkgs",
        "type": "github"
      }
    },
    "root": {
      "inputs": {
        "home-manager": "home-manager",
        "nixos-hardware": "nixos-hardware",
        "nixos-wsl": "nixos-wsl",
        "nixpkgs": "nixpkgs_2"
      }
    }
  },
  "root": "root",
  "version": 7
}
